{
  "nodes": {
    "home-manager": {
      "inputs": {
        "nixpkgs": [
          "nixpkgs"
        ]
      },
      "locked": {
        "lastModified": 1781642113,
        "narHash": "sha256-mAR7KTS9rjreTcXCNqfCbN96mnhJO8lDQq1vl7GviBQ=",
        "owner": "nix-community",
        "repo": "home-manager",
        "rev": "df4e0465717a2d34f05b8ccd967275aaf3ceaa01",
        "type": "github"
      },
      "original": {
        "owner": "nix-community",
        "repo": "home-manager",
        "type": "github"
      }
    },
    "nixfiles-private": {
      "flake": false,
      "locked": {
        "lastModified": 1781645420,
        "narHash": "sha256-tdG7M4IGMYmHvHCo3svIWIPk2+dEOXmOBEA87cekiXU=",
        "ref": "refs/heads/main",
        "rev": "0c2b5b2d1a96f2c6c38021f2efbdeaeccb39510c",
        "revCount": 7,
        "type": "git",
        "url": "ssh://git@github.com/n70n10/nixfiles-private.git"
      },
      "original": {
        "type": "git",
        "url": "ssh://git@github.com/n70n10/nixfiles-private.git"
      }
    },
    "nixpkgs": {
      "locked": {
        "lastModified": 1781074563,
        "narHash": "sha256-md8WlXOlfnIeHeOScMTTHFyf2d6iaTwPl2apR5EQ3P4=",
        "owner": "nixos",
        "repo": "nixpkgs",
        "rev": "9ae611a455b90cf061d8f332b977e387bda8e1ca",
        "type": "github"
      },
      "original": {
        "owner": "nixos",
        "ref": "nixos-unstable",
        "repo": "nixpkgs",
        "type": "github"
      }
    },
    "root": {
      "inputs": {
        "home-manager": "home-manager",
        "nixfiles-private": "nixfiles-private",
        "nixpkgs": "nixpkgs"
      }
    }
  },
  "root": "root",
  "version": 7
}
