{
  "nodes": {
    "home-manager": {
      "inputs": {
        "nixpkgs": [
          "nixpkgs"
        ]
      },
      "locked": {
        "lastModified": 1780099287,
        "narHash": "sha256-efIPwVGtIWIjWcznhaop6XN6HxnOL8800hF6CBNvlqQ=",
        "owner": "nix-community",
        "repo": "home-manager",
        "rev": "7d8127d308c3fb9664f7e643eec944be74ebb37d",
        "type": "github"
      },
      "original": {
        "owner": "nix-community",
        "repo": "home-manager",
        "type": "github"
      }
    },
    "nixfiles-private": {
      "flake": false,
      "locked": {
        "lastModified": 1779963361,
        "narHash": "sha256-DRcUHXFoQi4HZH6XWCYpfyE1eIYHq2RptzWribxSGh8=",
        "ref": "refs/heads/main",
        "rev": "85331de450b5e89576e3b3a8c73711b60d6ace9a",
        "revCount": 5,
        "type": "git",
        "url": "ssh://git@github.com/n70n10/nixfiles-private.git"
      },
      "original": {
        "type": "git",
        "url": "ssh://git@github.com/n70n10/nixfiles-private.git"
      }
    },
    "nixpkgs": {
      "locked": {
        "lastModified": 1779560665,
        "narHash": "sha256-tpyBcxPpcQb8ukyNF7DoCwfSY3VPsxHoYwj00Cayv5o=",
        "owner": "nixos",
        "repo": "nixpkgs",
        "rev": "64c08a7ca051951c8eae34e3e3cb1e202fe36786",
        "type": "github"
      },
      "original": {
        "owner": "nixos",
        "ref": "nixos-unstable",
        "repo": "nixpkgs",
        "type": "github"
      }
    },
    "root": {
      "inputs": {
        "home-manager": "home-manager",
        "nixfiles-private": "nixfiles-private",
        "nixpkgs": "nixpkgs"
      }
    }
  },
  "root": "root",
  "version": 7
}
