{
  "nodes": {
    "home-manager": {
      "inputs": {
        "nixpkgs": [
          "nixpkgs"
        ]
      },
      "locked": {
        "lastModified": 1779213149,
        "narHash": "sha256-Cf+p/T4Z3n9Sw0TiR3kQaIwQI+/hfvLJcoTzeq6yS3E=",
        "owner": "nix-community",
        "repo": "home-manager",
        "rev": "bd868f769a69d3b6091a1da68a75cb83a181033c",
        "type": "github"
      },
      "original": {
        "owner": "nix-community",
        "repo": "home-manager",
        "type": "github"
      }
    },
    "nixfiles-private": {
      "flake": false,
      "locked": {
        "lastModified": 1779963361,
        "narHash": "sha256-DRcUHXFoQi4HZH6XWCYpfyE1eIYHq2RptzWribxSGh8=",
        "ref": "refs/heads/main",
        "rev": "85331de450b5e89576e3b3a8c73711b60d6ace9a",
        "revCount": 5,
        "type": "git",
        "url": "ssh://git@github.com/n70n10/nixfiles-private.git"
      },
      "original": {
        "type": "git",
        "url": "ssh://git@github.com/n70n10/nixfiles-private.git"
      }
    },
    "nixpkgs": {
      "locked": {
        "lastModified": 1778869304,
        "narHash": "sha256-30sZNZoA1cqF5JNO9fVX+wgiQYjB7HJqqJ4ztCDeBZE=",
        "owner": "nixos",
        "repo": "nixpkgs",
        "rev": "d233902339c02a9c334e7e593de68855ad26c4cb",
        "type": "github"
      },
      "original": {
        "owner": "nixos",
        "ref": "nixos-unstable",
        "repo": "nixpkgs",
        "type": "github"
      }
    },
    "root": {
      "inputs": {
        "home-manager": "home-manager",
        "nixfiles-private": "nixfiles-private",
        "nixpkgs": "nixpkgs"
      }
    }
  },
  "root": "root",
  "version": 7
}
